
Microsoft Visual Studio Solution File, Format Version 12.00
# Visual Studio Version 17
VisualStudioVersion = 17.4.33122.133
MinimumVisualStudioVersion = 10.0.40219.1
Project("{FAE04EC0-301F-11D3-BF4B-00C04F79EFBC}") = "mantis-tests", "mantis-tests\mantis-tests.csproj", "{279BD26E-A688-492E-BF44-78E94790946E}"
EndProject
Global
	GlobalSection(SolutionConfigurationPlatforms) = preSolution
		Debug|Any CPU = Debug|Any CPU
		Release|Any CPU = Release|Any CPU
	EndGlobalSection
	GlobalSection(ProjectConfigurationPlatforms) = postSolution
		{279BD26E-A688-492E-BF44-78E94790946E}.Debug|Any CPU.ActiveCfg = Debug|Any CPU
		{279BD26E-A688-492E-BF44-78E94790946E}.Debug|Any CPU.Build.0 = Debug|Any CPU
		{279BD26E-A688-492E-BF44-78E94790946E}.Release|Any CPU.ActiveCfg = Release|Any CPU
		{279BD26E-A688-492E-BF44-78E94790946E}.Release|Any CPU.Build.0 = Release|Any CPU
	EndGlobalSection
	GlobalSection(SolutionProperties) = preSolution
		HideSolutionNode = FALSE
	EndGlobalSection
	GlobalSection(ExtensibilityGlobals) = postSolution
		SolutionGuid = {926E6012-B915-4305-BB35-E67196C264A8}
	EndGlobalSection
EndGlobal
